
Microsoft Visual Studio Solution File, Format Version 12.00
# Visual Studio Version 17
VisualStudioVersion = 17.14.36623.8
MinimumVisualStudioVersion = 10.0.40219.1
Project("{FAE04EC0-301F-11D3-BF4B-00C04F79EFBC}") = "ExpenseTracker.Domain", "ExpenseTracker.Domain\ExpenseTracker.Domain.csproj", "{513FD5FA-F65D-4F72-82A9-88075420332B}"
EndProject
Project("{FAE04EC0-301F-11D3-BF4B-00C04F79EFBC}") = "ExpenseTracker.Tests", "ExpenseTracker.Tests\ExpenseTracker.Tests.csproj", "{BF21D717-98DE-471E-B710-5D6BB52956DD}"
EndProject
Project("{FAE04EC0-301F-11D3-BF4B-00C04F79EFBC}") = "ExpenseTracker.Infrastructure", "ExpenseTracker.Infrastructure\ExpenseTracker.Infrastructure.csproj", "{627A6A6B-1986-A495-C35F-9CCB6C73168B}"
EndProject
Project("{FAE04EC0-301F-11D3-BF4B-00C04F79EFBC}") = "ExpenseTracker.API", "ExpenseTracker.API\ExpenseTracker.API.csproj", "{59616DC2-7F89-DB74-2391-69CF542D3BFA}"
EndProject
Project("{FAE04EC0-301F-11D3-BF4B-00C04F79EFBC}") = "ExpenseTracker.Application", "ExpenseTracker.Application\ExpenseTracker.Application.csproj", "{6B951E49-D54E-B281-CE93-A7A41FE2DB45}"
EndProject
Project("{2150E333-8FDC-42A3-9474-1A3956D46DE8}") = "Solution Items", "Solution Items", "{8EC462FD-D22E-90A8-E5CE-7E832BA40C5D}"
	ProjectSection(SolutionItems) = preProject
		global.json = global.json
	EndProjectSection
EndProject
Global
	GlobalSection(SolutionConfigurationPlatforms) = preSolution
		Debug|Any CPU = Debug|Any CPU
		Release|Any CPU = Release|Any CPU
	EndGlobalSection
	GlobalSection(ProjectConfigurationPlatforms) = postSolution
		{513FD5FA-F65D-4F72-82A9-88075420332B}.Debug|Any CPU.ActiveCfg = Debug|Any CPU
		{513FD5FA-F65D-4F72-82A9-88075420332B}.Debug|Any CPU.Build.0 = Debug|Any CPU
		{513FD5FA-F65D-4F72-82A9-88075420332B}.Release|Any CPU.ActiveCfg = Release|Any CPU
		{513FD5FA-F65D-4F72-82A9-88075420332B}.Release|Any CPU.Build.0 = Release|Any CPU
		{BF21D717-98DE-471E-B710-5D6BB52956DD}.Debug|Any CPU.ActiveCfg = Debug|Any CPU
		{BF21D717-98DE-471E-B710-5D6BB52956DD}.Debug|Any CPU.Build.0 = Debug|Any CPU
		{BF21D717-98DE-471E-B710-5D6BB52956DD}.Release|Any CPU.ActiveCfg = Release|Any CPU
		{BF21D717-98DE-471E-B710-5D6BB52956DD}.Release|Any CPU.Build.0 = Release|Any CPU
		{627A6A6B-1986-A495-C35F-9CCB6C73168B}.Debug|Any CPU.ActiveCfg = Debug|Any CPU
		{627A6A6B-1986-A495-C35F-9CCB6C73168B}.Debug|Any CPU.Build.0 = Debug|Any CPU
		{627A6A6B-1986-A495-C35F-9CCB6C73168B}.Release|Any CPU.ActiveCfg = Release|Any CPU
		{627A6A6B-1986-A495-C35F-9CCB6C73168B}.Release|Any CPU.Build.0 = Release|Any CPU
		{59616DC2-7F89-DB74-2391-69CF542D3BFA}.Debug|Any CPU.ActiveCfg = Debug|Any CPU
		{59616DC2-7F89-DB74-2391-69CF542D3BFA}.Debug|Any CPU.Build.0 = Debug|Any CPU
		{59616DC2-7F89-DB74-2391-69CF542D3BFA}.Release|Any CPU.ActiveCfg = Release|Any CPU
		{59616DC2-7F89-DB74-2391-69CF542D3BFA}.Release|Any CPU.Build.0 = Release|Any CPU
		{6B951E49-D54E-B281-CE93-A7A41FE2DB45}.Debug|Any CPU.ActiveCfg = Debug|Any CPU
		{6B951E49-D54E-B281-CE93-A7A41FE2DB45}.Debug|Any CPU.Build.0 = Debug|Any CPU
		{6B951E49-D54E-B281-CE93-A7A41FE2DB45}.Release|Any CPU.ActiveCfg = Release|Any CPU
		{6B951E49-D54E-B281-CE93-A7A41FE2DB45}.Release|Any CPU.Build.0 = Release|Any CPU
	EndGlobalSection
	GlobalSection(SolutionProperties) = preSolution
		HideSolutionNode = FALSE
	EndGlobalSection
	GlobalSection(ExtensibilityGlobals) = postSolution
		SolutionGuid = {624E079A-8BB9-4FCD-BB1C-ADF5A0512D35}
	EndGlobalSection
EndGlobal
